lockfileVersion: 5.4

importers:
  .:
    specifiers:
      turbo: ^1.6.3
    devDependencies:
      turbo: 1.6.3

  packages/botway.js:
    specifiers:
      "@types/js-yaml": ^4.0.5
      "@types/node": ^18.0.0
      js-yaml: ^4.1.0
      typescript: ^4.6.4
    dependencies:
      js-yaml: 4.1.0
    devDependencies:
      "@types/js-yaml": 4.0.5
      "@types/node": 18.11.9
      typescript: 4.9.3

packages:
  /@types/js-yaml/4.0.5:
    resolution:
      {
        integrity: sha512-FhpRzf927MNQdRZP0J5DLIdTXhjLYzeUTmLAu69mnVksLH9CJY3IuSeEgbKUki7GQZm0WqDkGzyxju2EZGD2wA==,
      }
    dev: true

  /@types/node/18.11.9:
    resolution:
      {
        integrity: sha512-CRpX21/kGdzjOpFsZSkcrXMGIBWMGNIHXXBVFSH+ggkftxg+XYP20TESbh+zFvFj3EQOl5byk0HTRn1IL6hbqg==,
      }
    dev: true

  /argparse/2.0.1:
    resolution:
      {
        integrity: sha512-8+9WqebbFzpX9OR+Wa6O29asIogeRMzcGtAINdpMHHyAg10f05aSFVBbcEqGf/PXw1EjAZ+q2/bEBg3DvurK3Q==,
      }
    dev: false

  /js-yaml/4.1.0:
    resolution:
      {
        integrity: sha512-wpxZs9NoxZaJESJGIZTyDEaYpl0FKSA+FB9aJiyemKhMwkxQg63h4T1KJgUGHpTqPDNRcmmYLugrRjJlBtWvRA==,
      }
    hasBin: true
    dependencies:
      argparse: 2.0.1
    dev: false

  /turbo-darwin-64/1.6.3:
    resolution:
      {
        integrity: sha512-QmDIX0Yh1wYQl0bUS0gGWwNxpJwrzZU2GIAYt3aOKoirWA2ecnyb3R6ludcS1znfNV2MfunP+l8E3ncxUHwtjA==,
      }
    cpu: [x64]
    os: [darwin]
    requiresBuild: true
    dev: true
    optional: true

  /turbo-darwin-arm64/1.6.3:
    resolution:
      {
        integrity: sha512-75DXhFpwE7CinBbtxTxH08EcWrxYSPFow3NaeFwsG8aymkWXF+U2aukYHJA6I12n9/dGqf7yRXzkF0S/9UtdyQ==,
      }
    cpu: [arm64]
    os: [darwin]
    requiresBuild: true
    dev: true
    optional: true

  /turbo-linux-64/1.6.3:
    resolution:
      {
        integrity: sha512-O9uc6J0yoRPWdPg9THRQi69K6E2iZ98cRHNvus05lZbcPzZTxJYkYGb5iagCmCW/pq6fL4T4oLWAd6evg2LGQA==,
      }
    cpu: [x64]
    os: [linux]
    requiresBuild: true
    dev: true
    optional: true

  /turbo-linux-arm64/1.6.3:
    resolution:
      {
        integrity: sha512-dCy667qqEtZIhulsRTe8hhWQNCJO0i20uHXv7KjLHuFZGCeMbWxB8rsneRoY+blf8+QNqGuXQJxak7ayjHLxiA==,
      }
    cpu: [arm64]
    os: [linux]
    requiresBuild: true
    dev: true
    optional: true

  /turbo-windows-64/1.6.3:
    resolution:
      {
        integrity: sha512-lKRqwL3mrVF09b9KySSaOwetehmGknV9EcQTF7d2dxngGYYX1WXoQLjFP9YYH8ZV07oPm+RUOAKSCQuDuMNhiA==,
      }
    cpu: [x64]
    os: [win32]
    requiresBuild: true
    dev: true
    optional: true

  /turbo-windows-arm64/1.6.3:
    resolution:
      {
        integrity: sha512-BXY1sDPEA1DgPwuENvDCD8B7Hb0toscjus941WpL8CVd10hg9pk/MWn9CNgwDO5Q9ks0mw+liDv2EMnleEjeNA==,
      }
    cpu: [arm64]
    os: [win32]
    requiresBuild: true
    dev: true
    optional: true

  /turbo/1.6.3:
    resolution:
      {
        integrity: sha512-FtfhJLmEEtHveGxW4Ye/QuY85AnZ2ZNVgkTBswoap7UMHB1+oI4diHPNyqrQLG4K1UFtCkjOlVoLsllUh/9QRw==,
      }
    hasBin: true
    requiresBuild: true
    optionalDependencies:
      turbo-darwin-64: 1.6.3
      turbo-darwin-arm64: 1.6.3
      turbo-linux-64: 1.6.3
      turbo-linux-arm64: 1.6.3
      turbo-windows-64: 1.6.3
      turbo-windows-arm64: 1.6.3
    dev: true

  /typescript/4.9.3:
    resolution:
      {
        integrity: sha512-CIfGzTelbKNEnLpLdGFgdyKhG23CKdKgQPOBc+OUNrkJ2vr+KSzsSV5kq5iWhEQbok+quxgGzrAtGWCyU7tHnA==,
      }
    engines: { node: ">=4.2.0" }
    hasBin: true
    dev: true
